Microsoft Visual Studio Solution File, Format Version 12.00
# Visual Studio Version 17
VisualStudioVersion = 17.5.2.0
MinimumVisualStudioVersion = 10.0.40219.1
Project("{FAE04EC0-301F-11D3-BF4B-00C04F79EFBC}") = "FantasyWebApp", "FantasyWebApp.csproj", "{049BF12F-2E22-F8F0-63C1-4DECEC5B38B5}"
EndProject
Global
	GlobalSection(SolutionConfigurationPlatforms) = preSolution
		Debug|Any CPU = Debug|Any CPU
		Release|Any CPU = Release|Any CPU
	EndGlobalSection
	GlobalSection(ProjectConfigurationPlatforms) = postSolution
		{049BF12F-2E22-F8F0-63C1-4DECEC5B38B5}.Debug|Any CPU.ActiveCfg = Debug|Any CPU
		{049BF12F-2E22-F8F0-63C1-4DECEC5B38B5}.Debug|Any CPU.Build.0 = Debug|Any CPU
		{049BF12F-2E22-F8F0-63C1-4DECEC5B38B5}.Release|Any CPU.ActiveCfg = Release|Any CPU
		{049BF12F-2E22-F8F0-63C1-4DECEC5B38B5}.Release|Any CPU.Build.0 = Release|Any CPU
	EndGlobalSection
	GlobalSection(SolutionProperties) = preSolution
		HideSolutionNode = FALSE
	EndGlobalSection
	GlobalSection(ExtensibilityGlobals) = postSolution
		SolutionGuid = {1CCEEAFF-BC0F-433B-A5EB-EF9A56A74C9C}
	EndGlobalSection
EndGlobal
